
Microsoft Visual Studio Solution File, Format Version 12.00
# Visual Studio Version 16
VisualStudioVersion = 16.0.31321.278
MinimumVisualStudioVersion = 10.0.40219.1
Project("{FAE04EC0-301F-11D3-BF4B-00C04F79EFBC}") = "HospitalModels", "HospitalModels\HospitalModels.csproj", "{9FD95720-4823-4104-B39C-D222F3523B14}"
EndProject
Project("{FAE04EC0-301F-11D3-BF4B-00C04F79EFBC}") = "HospitalBLL", "HospitalBLL\HospitalBLL.csproj", "{D2F192CB-6400-406A-B110-92F32AB91BC1}"
EndProject
Project("{FAE04EC0-301F-11D3-BF4B-00C04F79EFBC}") = "HospitalNetWeb", "HospitalNetWeb\HospitalNetWeb.csproj", "{50E5AF0F-384E-4AD5-9902-43A3143D4B96}"
EndProject
Global
	GlobalSection(SolutionConfigurationPlatforms) = preSolution
		Debug|Any CPU = Debug|Any CPU
		Release|Any CPU = Release|Any CPU
	EndGlobalSection
	GlobalSection(ProjectConfigurationPlatforms) = postSolution
		{9FD95720-4823-4104-B39C-D222F3523B14}.Debug|Any CPU.ActiveCfg = Debug|Any CPU
		{9FD95720-4823-4104-B39C-D222F3523B14}.Debug|Any CPU.Build.0 = Debug|Any CPU
		{9FD95720-4823-4104-B39C-D222F3523B14}.Release|Any CPU.ActiveCfg = Release|Any CPU
		{9FD95720-4823-4104-B39C-D222F3523B14}.Release|Any CPU.Build.0 = Release|Any CPU
		{D2F192CB-6400-406A-B110-92F32AB91BC1}.Debug|Any CPU.ActiveCfg = Debug|Any CPU
		{D2F192CB-6400-406A-B110-92F32AB91BC1}.Debug|Any CPU.Build.0 = Debug|Any CPU
		{D2F192CB-6400-406A-B110-92F32AB91BC1}.Release|Any CPU.ActiveCfg = Release|Any CPU
		{D2F192CB-6400-406A-B110-92F32AB91BC1}.Release|Any CPU.Build.0 = Release|Any CPU
		{50E5AF0F-384E-4AD5-9902-43A3143D4B96}.Debug|Any CPU.ActiveCfg = Debug|Any CPU
		{50E5AF0F-384E-4AD5-9902-43A3143D4B96}.Debug|Any CPU.Build.0 = Debug|Any CPU
		{50E5AF0F-384E-4AD5-9902-43A3143D4B96}.Release|Any CPU.ActiveCfg = Release|Any CPU
		{50E5AF0F-384E-4AD5-9902-43A3143D4B96}.Release|Any CPU.Build.0 = Release|Any CPU
	EndGlobalSection
	GlobalSection(SolutionProperties) = preSolution
		HideSolutionNode = FALSE
	EndGlobalSection
	GlobalSection(ExtensibilityGlobals) = postSolution
		SolutionGuid = {449ADBEE-ABCA-4F6A-912B-51E2E540D90F}
	EndGlobalSection
EndGlobal
